
Microsoft Visual Studio Solution File, Format Version 12.00
# Visual Studio Version 17
VisualStudioVersion = 17.13.35825.156
MinimumVisualStudioVersion = 10.0.40219.1
Project("{FAE04EC0-301F-11D3-BF4B-00C04F79EFBC}") = "MidtermExam", "MidtermExam\MidtermExam.csproj", "{435BE720-1734-4C97-AAB2-48D553D7D564}"
EndProject
Global
	GlobalSection(SolutionConfigurationPlatforms) = preSolution
		Debug|Any CPU = Debug|Any CPU
		Release|Any CPU = Release|Any CPU
	EndGlobalSection
	GlobalSection(ProjectConfigurationPlatforms) = postSolution
		{435BE720-1734-4C97-AAB2-48D553D7D564}.Debug|Any CPU.ActiveCfg = Debug|Any CPU
		{435BE720-1734-4C97-AAB2-48D553D7D564}.Debug|Any CPU.Build.0 = Debug|Any CPU
		{435BE720-1734-4C97-AAB2-48D553D7D564}.Release|Any CPU.ActiveCfg = Release|Any CPU
		{435BE720-1734-4C97-AAB2-48D553D7D564}.Release|Any CPU.Build.0 = Release|Any CPU
	EndGlobalSection
	GlobalSection(SolutionProperties) = preSolution
		HideSolutionNode = FALSE
	EndGlobalSection
	GlobalSection(ExtensibilityGlobals) = postSolution
		SolutionGuid = {27C471A1-0B39-481D-93C4-BD1FA08EF42A}
	EndGlobalSection
EndGlobal
